# This file was autogenerated by Stack.
# You should not edit this file by hand.
# For more information, please see the documentation at:
#   https://docs.haskellstack.org/en/stable/lock_files

packages:
- completed:
    commit: 2546ac14cfe2ea0ba9e76e804b20a4bd06e456f5
    git: https://github.com/someodd/venusia.git
    name: Venusia
    pantry-tree:
      sha256: b624b46d308569f8e6aee11504d2096ec2e39071bbb83134715b654913336269
      size: 1080
    version: 0.5.0.0
  original:
    commit: 2546ac14cfe2ea0ba9e76e804b20a4bd06e456f5
    git: https://github.com/someodd/venusia.git
snapshots:
- completed:
    sha256: abc790b571e0c70e929db74b329e3c18d7e76a6e173e8bdf94f1ba20770d4c24
    size: 728990
    url: https://raw.githubusercontent.com/commercialhaskell/stackage-snapshots/master/lts/24/38.yaml
  original: lts-24.38
